// !$*UTF8*$!
{
	archiveVersion = 1;
	classes = {
	};
	objectVersion = 56;
	objects = {

/* Begin PBXBuildFile section */
		661902A42BC0E4CD0006C4EA /* GirdPage.swift in Sources */ = {isa = PBXBuildFile; fileRef = 661902A32BC0E4CD0006C4EA /* GirdPage.swift */; };
		661902A62BC0F00B0006C4EA /* SlideMenu.swift in Sources */ = {isa = PBXBuildFile; fileRef = 661902A52BC0F00B0006C4EA /* SlideMenu.swift */; };
		661902A82BC0F7580006C4EA /* MenuPage.swift in Sources */ = {isa = PBXBuildFile; fileRef = 661902A72BC0F7580006C4EA /* MenuPage.swift */; };
		661902AA2BC1031F0006C4EA /* ProgressSliderPage.swift in Sources */ = {isa = PBXBuildFile; fileRef = 661902A92BC1031F0006C4EA /* ProgressSliderPage.swift */; };
		66464D1F2BBE979500A53DAD /* TextView.swift in Sources */ = {isa = PBXBuildFile; fileRef = 66464D1E2BBE979500A53DAD /* TextView.swift */; };
		66464D212BBE97AB00A53DAD /* TextFieldView.swift in Sources */ = {isa = PBXBuildFile; fileRef = 66464D202BBE97AB00A53DAD /* TextFieldView.swift */; };
		66464D242BBE9F4800A53DAD /* ImageView.swift in Sources */ = {isa = PBXBuildFile; fileRef = 66464D232BBE9F4800A53DAD /* ImageView.swift */; };
		66464D262BBEC2D500A53DAD /* ButtonView.swift in Sources */ = {isa = PBXBuildFile; fileRef = 66464D252BBEC2D500A53DAD /* ButtonView.swift */; };
		66464D282BBECE1200A53DAD /* CustomeModiferView.swift in Sources */ = {isa = PBXBuildFile; fileRef = 66464D272BBECE1200A53DAD /* CustomeModiferView.swift */; };
		66464D2A2BBED23D00A53DAD /* PickView.swift in Sources */ = {isa = PBXBuildFile; fileRef = 66464D292BBED23D00A53DAD /* PickView.swift */; };
		66464D2C2BBEDC7F00A53DAD /* ControlView.swift in Sources */ = {isa = PBXBuildFile; fileRef = 66464D2B2BBEDC7F00A53DAD /* ControlView.swift */; };
		66464D2E2BBEDF7E00A53DAD /* WebView.swift in Sources */ = {isa = PBXBuildFile; fileRef = 66464D2D2BBEDF7E00A53DAD /* WebView.swift */; };
		66464D302BBEE18900A53DAD /* UIKitVC.swift in Sources */ = {isa = PBXBuildFile; fileRef = 66464D2F2BBEE18900A53DAD /* UIKitVC.swift */; };
		66464D352BBEE6CC00A53DAD /* ListView.swift in Sources */ = {isa = PBXBuildFile; fileRef = 66464D342BBEE6CC00A53DAD /* ListView.swift */; };
		66464D372BBEEC9300A53DAD /* GropPage.swift in Sources */ = {isa = PBXBuildFile; fileRef = 66464D362BBEEC9300A53DAD /* GropPage.swift */; };
		66464D392BBEF3C400A53DAD /* SectionPage.swift in Sources */ = {isa = PBXBuildFile; fileRef = 66464D382BBEF3C400A53DAD /* SectionPage.swift */; };
		66464D3B2BBEF3F800A53DAD /* FormPage.swift in Sources */ = {isa = PBXBuildFile; fileRef = 66464D3A2BBEF3F800A53DAD /* FormPage.swift */; };
		66464D3F2BBF6CA200A53DAD /* TabPage.swift in Sources */ = {isa = PBXBuildFile; fileRef = 66464D3E2BBF6CA200A53DAD /* TabPage.swift */; };
		66464D412BBF77EB00A53DAD /* AlertPage.swift in Sources */ = {isa = PBXBuildFile; fileRef = 66464D402BBF77EB00A53DAD /* AlertPage.swift */; };
		66464D432BBFB48F00A53DAD /* ActionSheetPage.swift in Sources */ = {isa = PBXBuildFile; fileRef = 66464D422BBFB48F00A53DAD /* ActionSheetPage.swift */; };
		66464D452BBFC04800A53DAD /* ModalPage.swift in Sources */ = {isa = PBXBuildFile; fileRef = 66464D442BBFC04800A53DAD /* ModalPage.swift */; };
		66464D472BBFC07500A53DAD /* PopOverPage.swift in Sources */ = {isa = PBXBuildFile; fileRef = 66464D462BBFC07500A53DAD /* PopOverPage.swift */; };
		66464D492BBFC63400A53DAD /* CollectionPage.swift in Sources */ = {isa = PBXBuildFile; fileRef = 66464D482BBFC63400A53DAD /* CollectionPage.swift */; };
		665105E32BBE488200A848D2 /* UIApp.swift in Sources */ = {isa = PBXBuildFile; fileRef = 665105E22BBE488200A848D2 /* UIApp.swift */; };
		665105E52BBE488200A848D2 /* ContentView.swift in Sources */ = {isa = PBXBuildFile; fileRef = 665105E42BBE488200A848D2 /* ContentView.swift */; };
		665105E72BBE488600A848D2 /* Assets.xcassets in Resources */ = {isa = PBXBuildFile; fileRef = 665105E62BBE488600A848D2 /* Assets.xcassets */; };
		665105EA2BBE488600A848D2 /* Preview Assets.xcassets in Resources */ = {isa = PBXBuildFile; fileRef = 665105E92BBE488600A848D2 /* Preview Assets.xcassets */; };
		66ED4C202BC2182800D0F49D /* LinkPage.swift in Sources */ = {isa = PBXBuildFile; fileRef = 66ED4C1F2BC2182800D0F49D /* LinkPage.swift */; };
		66ED4C222BC218BA00D0F49D /* TimelinePage.swift in Sources */ = {isa = PBXBuildFile; fileRef = 66ED4C212BC218BA00D0F49D /* TimelinePage.swift */; };
		66ED4C242BC2D10500D0F49D /* ToolBarPage.swift in Sources */ = {isa = PBXBuildFile; fileRef = 66ED4C232BC2D10500D0F49D /* ToolBarPage.swift */; };
		66ED4C262BC2D14900D0F49D /* GradientPage.swift in Sources */ = {isa = PBXBuildFile; fileRef = 66ED4C252BC2D14900D0F49D /* GradientPage.swift */; };
		66ED4C282BC2D29A00D0F49D /* SearchablePage.swift in Sources */ = {isa = PBXBuildFile; fileRef = 66ED4C272BC2D29A00D0F49D /* SearchablePage.swift */; };
/* End PBXBuildFile section */

/* Begin PBXFileReference section */
		661902A32BC0E4CD0006C4EA /* GirdPage.swift */ = {isa = PBXFileReference; lastKnownFileType = sourcecode.swift; path = GirdPage.swift; sourceTree = "<group>"; };
		661902A52BC0F00B0006C4EA /* SlideMenu.swift */ = {isa = PBXFileReference; lastKnownFileType = sourcecode.swift; path = SlideMenu.swift; sourceTree = "<group>"; };
		661902A72BC0F7580006C4EA /* MenuPage.swift */ = {isa = PBXFileReference; lastKnownFileType = sourcecode.swift; path = MenuPage.swift; sourceTree = "<group>"; };
		661902A92BC1031F0006C4EA /* ProgressSliderPage.swift */ = {isa = PBXFileReference; lastKnownFileType = sourcecode.swift; path = ProgressSliderPage.swift; sourceTree = "<group>"; };
		66464D1E2BBE979500A53DAD /* TextView.swift */ = {isa = PBXFileReference; lastKnownFileType = sourcecode.swift; path = TextView.swift; sourceTree = "<group>"; };
		66464D202BBE97AB00A53DAD /* TextFieldView.swift */ = {isa = PBXFileReference; lastKnownFileType = sourcecode.swift; path = TextFieldView.swift; sourceTree = "<group>"; };
		66464D232BBE9F4800A53DAD /* ImageView.swift */ = {isa = PBXFileReference; lastKnownFileType = sourcecode.swift; path = ImageView.swift; sourceTree = "<group>"; };
		66464D252BBEC2D500A53DAD /* ButtonView.swift */ = {isa = PBXFileReference; lastKnownFileType = sourcecode.swift; path = ButtonView.swift; sourceTree = "<group>"; };
		66464D272BBECE1200A53DAD /* CustomeModiferView.swift */ = {isa = PBXFileReference; lastKnownFileType = sourcecode.swift; path = CustomeModiferView.swift; sourceTree = "<group>"; };
		66464D292BBED23D00A53DAD /* PickView.swift */ = {isa = PBXFileReference; lastKnownFileType = sourcecode.swift; path = PickView.swift; sourceTree = "<group>"; };
		66464D2B2BBEDC7F00A53DAD /* ControlView.swift */ = {isa = PBXFileReference; lastKnownFileType = sourcecode.swift; path = ControlView.swift; sourceTree = "<group>"; };
		66464D2D2BBEDF7E00A53DAD /* WebView.swift */ = {isa = PBXFileReference; lastKnownFileType = sourcecode.swift; path = WebView.swift; sourceTree = "<group>"; };
		66464D2F2BBEE18900A53DAD /* UIKitVC.swift */ = {isa = PBXFileReference; lastKnownFileType = sourcecode.swift; path = UIKitVC.swift; sourceTree = "<group>"; };
		66464D342BBEE6CC00A53DAD /* ListView.swift */ = {isa = PBXFileReference; lastKnownFileType = sourcecode.swift; path = ListView.swift; sourceTree = "<group>"; };
		66464D362BBEEC9300A53DAD /* GropPage.swift */ = {isa = PBXFileReference; lastKnownFileType = sourcecode.swift; path = GropPage.swift; sourceTree = "<group>"; };
		66464D382BBEF3C400A53DAD /* SectionPage.swift */ = {isa = PBXFileReference; lastKnownFileType = sourcecode.swift; path = SectionPage.swift; sourceTree = "<group>"; };
		66464D3A2BBEF3F800A53DAD /* FormPage.swift */ = {isa = PBXFileReference; lastKnownFileType = sourcecode.swift; path = FormPage.swift; sourceTree = "<group>"; };
		66464D3E2BBF6CA200A53DAD /* TabPage.swift */ = {isa = PBXFileReference; lastKnownFileType = sourcecode.swift; path = TabPage.swift; sourceTree = "<group>"; };
		66464D402BBF77EB00A53DAD /* AlertPage.swift */ = {isa = PBXFileReference; lastKnownFileType = sourcecode.swift; path = AlertPage.swift; sourceTree = "<group>"; };
		66464D422BBFB48F00A53DAD /* ActionSheetPage.swift */ = {isa = PBXFileReference; lastKnownFileType = sourcecode.swift; path = ActionSheetPage.swift; sourceTree = "<group>"; };
		66464D442BBFC04800A53DAD /* ModalPage.swift */ = {isa = PBXFileReference; lastKnownFileType = sourcecode.swift; path = ModalPage.swift; sourceTree = "<group>"; };
		66464D462BBFC07500A53DAD /* PopOverPage.swift */ = {isa = PBXFileReference; lastKnownFileType = sourcecode.swift; path = PopOverPage.swift; sourceTree = "<group>"; };
		66464D482BBFC63400A53DAD /* CollectionPage.swift */ = {isa = PBXFileReference; lastKnownFileType = sourcecode.swift; path = CollectionPage.swift; sourceTree = "<group>"; };
		665105DF2BBE488200A848D2 /* UI.app */ = {isa = PBXFileReference; explicitFileType = wrapper.application; includeInIndex = 0; path = UI.app; sourceTree = BUILT_PRODUCTS_DIR; };
		665105E22BBE488200A848D2 /* UIApp.swift */ = {isa = PBXFileReference; lastKnownFileType = sourcecode.swift; path = UIApp.swift; sourceTree = "<group>"; };
		665105E42BBE488200A848D2 /* ContentView.swift */ = {isa = PBXFileReference; lastKnownFileType = sourcecode.swift; path = ContentView.swift; sourceTree = "<group>"; };
		665105E62BBE488600A848D2 /* Assets.xcassets */ = {isa = PBXFileReference; lastKnownFileType = folder.assetcatalog; path = Assets.xcassets; sourceTree = "<group>"; };
		665105E92BBE488600A848D2 /* Preview Assets.xcassets */ = {isa = PBXFileReference; lastKnownFileType = folder.assetcatalog; path = "Preview Assets.xcassets"; sourceTree = "<group>"; };
		66ED4C1F2BC2182800D0F49D /* LinkPage.swift */ = {isa = PBXFileReference; lastKnownFileType = sourcecode.swift; path = LinkPage.swift; sourceTree = "<group>"; };
		66ED4C212BC218BA00D0F49D /* TimelinePage.swift */ = {isa = PBXFileReference; lastKnownFileType = sourcecode.swift; path = TimelinePage.swift; sourceTree = "<group>"; };
		66ED4C232BC2D10500D0F49D /* ToolBarPage.swift */ = {isa = PBXFileReference; lastKnownFileType = sourcecode.swift; path = ToolBarPage.swift; sourceTree = "<group>"; };
		66ED4C252BC2D14900D0F49D /* GradientPage.swift */ = {isa = PBXFileReference; lastKnownFileType = sourcecode.swift; path = GradientPage.swift; sourceTree = "<group>"; };
		66ED4C272BC2D29A00D0F49D /* SearchablePage.swift */ = {isa = PBXFileReference; lastKnownFileType = sourcecode.swift; path = SearchablePage.swift; sourceTree = "<group>"; };
/* End PBXFileReference section */

/* Begin PBXFrameworksBuildPhase section */
		665105DC2BBE488200A848D2 /* Frameworks */ = {
			isa = PBXFrameworksBuildPhase;
			buildActionMask = 2147483647;
			files = (
			);
			runOnlyForDeploymentPostprocessing = 0;
		};
/* End PBXFrameworksBuildPhase section */

/* Begin PBXGroup section */
		66464D222BBE988900A53DAD /* BaseCompent */ = {
			isa = PBXGroup;
			children = (
				66464D1E2BBE979500A53DAD /* TextView.swift */,
				66464D202BBE97AB00A53DAD /* TextFieldView.swift */,
				66464D232BBE9F4800A53DAD /* ImageView.swift */,
				66464D252BBEC2D500A53DAD /* ButtonView.swift */,
				66464D272BBECE1200A53DAD /* CustomeModiferView.swift */,
				66464D292BBED23D00A53DAD /* PickView.swift */,
				66464D2B2BBEDC7F00A53DAD /* ControlView.swift */,
				66464D2D2BBEDF7E00A53DAD /* WebView.swift */,
				66464D2F2BBEE18900A53DAD /* UIKitVC.swift */,
				66ED4C1F2BC2182800D0F49D /* LinkPage.swift */,
				66ED4C212BC218BA00D0F49D /* TimelinePage.swift */,
				66ED4C232BC2D10500D0F49D /* ToolBarPage.swift */,
				66ED4C252BC2D14900D0F49D /* GradientPage.swift */,
				66ED4C272BC2D29A00D0F49D /* SearchablePage.swift */,
			);
			path = BaseCompent;
			sourceTree = "<group>";
		};
		66464D332BBEE6B600A53DAD /* Layout */ = {
			isa = PBXGroup;
			children = (
				66464D342BBEE6CC00A53DAD /* ListView.swift */,
				66464D362BBEEC9300A53DAD /* GropPage.swift */,
				66464D382BBEF3C400A53DAD /* SectionPage.swift */,
				66464D3A2BBEF3F800A53DAD /* FormPage.swift */,
				66464D3E2BBF6CA200A53DAD /* TabPage.swift */,
				66464D402BBF77EB00A53DAD /* AlertPage.swift */,
				66464D422BBFB48F00A53DAD /* ActionSheetPage.swift */,
				66464D442BBFC04800A53DAD /* ModalPage.swift */,
				66464D462BBFC07500A53DAD /* PopOverPage.swift */,
				66464D482BBFC63400A53DAD /* CollectionPage.swift */,
				661902A32BC0E4CD0006C4EA /* GirdPage.swift */,
				661902A52BC0F00B0006C4EA /* SlideMenu.swift */,
				661902A72BC0F7580006C4EA /* MenuPage.swift */,
				661902A92BC1031F0006C4EA /* ProgressSliderPage.swift */,
			);
			path = Layout;
			sourceTree = "<group>";
		};
		665105D62BBE488200A848D2 = {
			isa = PBXGroup;
			children = (
				665105E12BBE488200A848D2 /* UI */,
				665105E02BBE488200A848D2 /* Products */,
			);
			sourceTree = "<group>";
		};
		665105E02BBE488200A848D2 /* Products */ = {
			isa = PBXGroup;
			children = (
				665105DF2BBE488200A848D2 /* UI.app */,
			);
			name = Products;
			sourceTree = "<group>";
		};
		665105E12BBE488200A848D2 /* UI */ = {
			isa = PBXGroup;
			children = (
				665105E22BBE488200A848D2 /* UIApp.swift */,
				665105E42BBE488200A848D2 /* ContentView.swift */,
				66464D222BBE988900A53DAD /* BaseCompent */,
				66464D332BBEE6B600A53DAD /* Layout */,
				665105E62BBE488600A848D2 /* Assets.xcassets */,
				665105E82BBE488600A848D2 /* Preview Content */,
			);
			path = UI;
			sourceTree = "<group>";
		};
		665105E82BBE488600A848D2 /* Preview Content */ = {
			isa = PBXGroup;
			children = (
				665105E92BBE488600A848D2 /* Preview Assets.xcassets */,
			);
			path = "Preview Content";
			sourceTree = "<group>";
		};
/* End PBXGroup section */

/* Begin PBXNativeTarget section */
		665105DE2BBE488200A848D2 /* UI */ = {
			isa = PBXNativeTarget;
			buildConfigurationList = 665105ED2BBE488600A848D2 /* Build configuration list for PBXNativeTarget "UI" */;
			buildPhases = (
				665105DB2BBE488200A848D2 /* Sources */,
				665105DC2BBE488200A848D2 /* Frameworks */,
				665105DD2BBE488200A848D2 /* Resources */,
			);
			buildRules = (
			);
			dependencies = (
			);
			name = UI;
			productName = UI;
			productReference = 665105DF2BBE488200A848D2 /* UI.app */;
			productType = "com.apple.product-type.application";
		};
/* End PBXNativeTarget section */

/* Begin PBXProject section */
		665105D72BBE488200A848D2 /* Project object */ = {
			isa = PBXProject;
			attributes = {
				BuildIndependentTargetsInParallel = 1;
				LastSwiftUpdateCheck = 1530;
				LastUpgradeCheck = 1530;
				TargetAttributes = {
					665105DE2BBE488200A848D2 = {
						CreatedOnToolsVersion = 15.3;
					};
				};
			};
			buildConfigurationList = 665105DA2BBE488200A848D2 /* Build configuration list for PBXProject "UI" */;
			compatibilityVersion = "Xcode 14.0";
			developmentRegion = en;
			hasScannedForEncodings = 0;
			knownRegions = (
				en,
				Base,
			);
			mainGroup = 665105D62BBE488200A848D2;
			productRefGroup = 665105E02BBE488200A848D2 /* Products */;
			projectDirPath = "";
			projectRoot = "";
			targets = (
				665105DE2BBE488200A848D2 /* UI */,
			);
		};
/* End PBXProject section */

/* Begin PBXResourcesBuildPhase section */
		665105DD2BBE488200A848D2 /* Resources */ = {
			isa = PBXResourcesBuildPhase;
			buildActionMask = 2147483647;
			files = (
				665105EA2BBE488600A848D2 /* Preview Assets.xcassets in Resources */,
				665105E72BBE488600A848D2 /* Assets.xcassets in Resources */,
			);
			runOnlyForDeploymentPostprocessing = 0;
		};
/* End PBXResourcesBuildPhase section */

/* Begin PBXSourcesBuildPhase section */
		665105DB2BBE488200A848D2 /* Sources */ = {
			isa = PBXSourcesBuildPhase;
			buildActionMask = 2147483647;
			files = (
				66ED4C242BC2D10500D0F49D /* ToolBarPage.swift in Sources */,
				66464D432BBFB48F00A53DAD /* ActionSheetPage.swift in Sources */,
				66464D242BBE9F4800A53DAD /* ImageView.swift in Sources */,
				66464D352BBEE6CC00A53DAD /* ListView.swift in Sources */,
				66ED4C262BC2D14900D0F49D /* GradientPage.swift in Sources */,
				66464D2E2BBEDF7E00A53DAD /* WebView.swift in Sources */,
				66464D302BBEE18900A53DAD /* UIKitVC.swift in Sources */,
				66464D1F2BBE979500A53DAD /* TextView.swift in Sources */,
				66464D412BBF77EB00A53DAD /* AlertPage.swift in Sources */,
				661902A62BC0F00B0006C4EA /* SlideMenu.swift in Sources */,
				66464D392BBEF3C400A53DAD /* SectionPage.swift in Sources */,
				66464D492BBFC63400A53DAD /* CollectionPage.swift in Sources */,
				66464D472BBFC07500A53DAD /* PopOverPage.swift in Sources */,
				661902A82BC0F7580006C4EA /* MenuPage.swift in Sources */,
				66464D262BBEC2D500A53DAD /* ButtonView.swift in Sources */,
				66ED4C222BC218BA00D0F49D /* TimelinePage.swift in Sources */,
				66464D2A2BBED23D00A53DAD /* PickView.swift in Sources */,
				66ED4C202BC2182800D0F49D /* LinkPage.swift in Sources */,
				665105E52BBE488200A848D2 /* ContentView.swift in Sources */,
				66464D3B2BBEF3F800A53DAD /* FormPage.swift in Sources */,
				66464D212BBE97AB00A53DAD /* TextFieldView.swift in Sources */,
				66464D282BBECE1200A53DAD /* CustomeModiferView.swift in Sources */,
				66464D452BBFC04800A53DAD /* ModalPage.swift in Sources */,
				66464D3F2BBF6CA200A53DAD /* TabPage.swift in Sources */,
				66464D2C2BBEDC7F00A53DAD /* ControlView.swift in Sources */,
				66464D372BBEEC9300A53DAD /* GropPage.swift in Sources */,
				66ED4C282BC2D29A00D0F49D /* SearchablePage.swift in Sources */,
				661902A42BC0E4CD0006C4EA /* GirdPage.swift in Sources */,
				665105E32BBE488200A848D2 /* UIApp.swift in Sources */,
				661902AA2BC1031F0006C4EA /* ProgressSliderPage.swift in Sources */,
			);
			runOnlyForDeploymentPostprocessing = 0;
		};
/* End PBXSourcesBuildPhase section */

/* Begin XCBuildConfiguration section */
		665105EB2BBE488600A848D2 /* Debug */ = {
			isa = XCBuildConfiguration;
			buildSettings = {
				ALWAYS_SEARCH_USER_PATHS = NO;
				ASSETCATALOG_COMPILER_GENERATE_SWIFT_ASSET_SYMBOL_EXTENSIONS = YES;
				CLANG_ANALYZER_NONNULL = YES;
				CLANG_ANALYZER_NUMBER_OBJECT_CONVERSION = YES_AGGRESSIVE;
				CLANG_CXX_LANGUAGE_STANDARD = "gnu++20";
				CLANG_ENABLE_MODULES = YES;
				CLANG_ENABLE_OBJC_ARC = YES;
				CLANG_ENABLE_OBJC_WEAK = YES;
				CLANG_WARN_BLOCK_CAPTURE_AUTORELEASING = YES;
				CLANG_WARN_BOOL_CONVERSION = YES;
				CLANG_WARN_COMMA = YES;
				CLANG_WARN_CONSTANT_CONVERSION = YES;
				CLANG_WARN_DEPRECATED_OBJC_IMPLEMENTATIONS = YES;
				CLANG_WARN_DIRECT_OBJC_ISA_USAGE = YES_ERROR;
				CLANG_WARN_DOCUMENTATION_COMMENTS = YES;
				CLANG_WARN_EMPTY_BODY = YES;
				CLANG_WARN_ENUM_CONVERSION = YES;
				CLANG_WARN_INFINITE_RECURSION = YES;
				CLANG_WARN_INT_CONVERSION = YES;
				CLANG_WARN_NON_LITERAL_NULL_CONVERSION = YES;
				CLANG_WARN_OBJC_IMPLICIT_RETAIN_SELF = YES;
				CLANG_WARN_OBJC_LITERAL_CONVERSION = YES;
				CLANG_WARN_OBJC_ROOT_CLASS = YES_ERROR;
				CLANG_WARN_QUOTED_INCLUDE_IN_FRAMEWORK_HEADER = YES;
				CLANG_WARN_RANGE_LOOP_ANALYSIS = YES;
				CLANG_WARN_STRICT_PROTOTYPES = YES;
				CLANG_WARN_SUSPICIOUS_MOVE = YES;
				CLANG_WARN_UNGUARDED_AVAILABILITY = YES_AGGRESSIVE;
				CLANG_WARN_UNREACHABLE_CODE = YES;
				CLANG_WARN__DUPLICATE_METHOD_MATCH = YES;
				COPY_PHASE_STRIP = NO;
				DEBUG_INFORMATION_FORMAT = dwarf;
				ENABLE_STRICT_OBJC_MSGSEND = YES;
				ENABLE_TESTABILITY = YES;
				ENABLE_USER_SCRIPT_SANDBOXING = YES;
				GCC_C_LANGUAGE_STANDARD = gnu17;
				GCC_DYNAMIC_NO_PIC = NO;
				GCC_NO_COMMON_BLOCKS = YES;
				GCC_OPTIMIZATION_LEVEL = 0;
				GCC_PREPROCESSOR_DEFINITIONS = (
					"DEBUG=1",
					"$(inherited)",
				);
				GCC_WARN_64_TO_32_BIT_CONVERSION = YES;
				GCC_WARN_ABOUT_RETURN_TYPE = YES_ERROR;
				GCC_WARN_UNDECLARED_SELECTOR = YES;
				GCC_WARN_UNINITIALIZED_AUTOS = YES_AGGRESSIVE;
				GCC_WARN_UNUSED_FUNCTION = YES;
				GCC_WARN_UNUSED_VARIABLE = YES;
				IPHONEOS_DEPLOYMENT_TARGET = 17.4;
				LOCALIZATION_PREFERS_STRING_CATALOGS = YES;
				MTL_ENABLE_DEBUG_INFO = INCLUDE_SOURCE;
				MTL_FAST_MATH = YES;
				ONLY_ACTIVE_ARCH = YES;
				SDKROOT = iphoneos;
				SWIFT_ACTIVE_COMPILATION_CONDITIONS = "DEBUG $(inherited)";
				SWIFT_OPTIMIZATION_LEVEL = "-Onone";
			};
			name = Debug;
		};
		665105EC2BBE488600A848D2 /* Release */ = {
			isa = XCBuildConfiguration;
			buildSettings = {
				ALWAYS_SEARCH_USER_PATHS = NO;
				ASSETCATALOG_COMPILER_GENERATE_SWIFT_ASSET_SYMBOL_EXTENSIONS = YES;
				CLANG_ANALYZER_NONNULL = YES;
				CLANG_ANALYZER_NUMBER_OBJECT_CONVERSION = YES_AGGRESSIVE;
				CLANG_CXX_LANGUAGE_STANDARD = "gnu++20";
				CLANG_ENABLE_MODULES = YES;
				CLANG_ENABLE_OBJC_ARC = YES;
				CLANG_ENABLE_OBJC_WEAK = YES;
				CLANG_WARN_BLOCK_CAPTURE_AUTORELEASING = YES;
				CLANG_WARN_BOOL_CONVERSION = YES;
				CLANG_WARN_COMMA = YES;
				CLANG_WARN_CONSTANT_CONVERSION = YES;
				CLANG_WARN_DEPRECATED_OBJC_IMPLEMENTATIONS = YES;
				CLANG_WARN_DIRECT_OBJC_ISA_USAGE = YES_ERROR;
				CLANG_WARN_DOCUMENTATION_COMMENTS = YES;
				CLANG_WARN_EMPTY_BODY = YES;
				CLANG_WARN_ENUM_CONVERSION = YES;
				CLANG_WARN_INFINITE_RECURSION = YES;
				CLANG_WARN_INT_CONVERSION = YES;
				CLANG_WARN_NON_LITERAL_NULL_CONVERSION = YES;
				CLANG_WARN_OBJC_IMPLICIT_RETAIN_SELF = YES;
				CLANG_WARN_OBJC_LITERAL_CONVERSION = YES;
				CLANG_WARN_OBJC_ROOT_CLASS = YES_ERROR;
				CLANG_WARN_QUOTED_INCLUDE_IN_FRAMEWORK_HEADER = YES;
				CLANG_WARN_RANGE_LOOP_ANALYSIS = YES;
				CLANG_WARN_STRICT_PROTOTYPES = YES;
				CLANG_WARN_SUSPICIOUS_MOVE = YES;
				CLANG_WARN_UNGUARDED_AVAILABILITY = YES_AGGRESSIVE;
				CLANG_WARN_UNREACHABLE_CODE = YES;
				CLANG_WARN__DUPLICATE_METHOD_MATCH = YES;
				COPY_PHASE_STRIP = NO;
				DEBUG_INFORMATION_FORMAT = "dwarf-with-dsym";
				ENABLE_NS_ASSERTIONS = NO;
				ENABLE_STRICT_OBJC_MSGSEND = YES;
				ENABLE_USER_SCRIPT_SANDBOXING = YES;
				GCC_C_LANGUAGE_STANDARD = gnu17;
				GCC_NO_COMMON_BLOCKS = YES;
				GCC_WARN_64_TO_32_BIT_CONVERSION = YES;
				GCC_WARN_ABOUT_RETURN_TYPE = YES_ERROR;
				GCC_WARN_UNDECLARED_SELECTOR = YES;
				GCC_WARN_UNINITIALIZED_AUTOS = YES_AGGRESSIVE;
				GCC_WARN_UNUSED_FUNCTION = YES;
				GCC_WARN_UNUSED_VARIABLE = YES;
				IPHONEOS_DEPLOYMENT_TARGET = 17.4;
				LOCALIZATION_PREFERS_STRING_CATALOGS = YES;
				MTL_ENABLE_DEBUG_INFO = NO;
				MTL_FAST_MATH = YES;
				SDKROOT = iphoneos;
				SWIFT_COMPILATION_MODE = wholemodule;
				VALIDATE_PRODUCT = YES;
			};
			name = Release;
		};
		665105EE2BBE488600A848D2 /* Debug */ = {
			isa = XCBuildConfiguration;
			buildSettings = {
				ASSETCATALOG_COMPILER_APPICON_NAME = AppIcon;
				ASSETCATALOG_COMPILER_GLOBAL_ACCENT_COLOR_NAME = AccentColor;
				CODE_SIGN_STYLE = Automatic;
				CURRENT_PROJECT_VERSION = 1;
				DEVELOPMENT_ASSET_PATHS = "\"UI/Preview Content\"";
				DEVELOPMENT_TEAM = 8B4C4L65Q5;
				ENABLE_PREVIEWS = YES;
				GENERATE_INFOPLIST_FILE = YES;
				INFOPLIST_KEY_UIApplicationSceneManifest_Generation = YES;
				INFOPLIST_KEY_UIApplicationSupportsIndirectInputEvents = YES;
				INFOPLIST_KEY_UILaunchScreen_Generation = YES;
				INFOPLIST_KEY_UISupportedInterfaceOrientations_iPad = "UIInterfaceOrientationPortrait UIInterfaceOrientationPortraitUpsideDown UIInterfaceOrientationLandscapeLeft UIInterfaceOrientationLandscapeRight";
				INFOPLIST_KEY_UISupportedInterfaceOrientations_iPhone = "UIInterfaceOrientationPortrait UIInterfaceOrientationLandscapeLeft UIInterfaceOrientationLandscapeRight";
				LD_RUNPATH_SEARCH_PATHS = (
					"$(inherited)",
					"@executable_path/Frameworks",
				);
				MARKETING_VERSION = 1.0;
				PRODUCT_BUNDLE_IDENTIFIER = com.konwyourself.com.UI;
				PRODUCT_NAME = "$(TARGET_NAME)";
				SWIFT_EMIT_LOC_STRINGS = YES;
				SWIFT_VERSION = 5.0;
				TARGETED_DEVICE_FAMILY = "1,2";
			};
			name = Debug;
		};
		665105EF2BBE488600A848D2 /* Release */ = {
			isa = XCBuildConfiguration;
			buildSettings = {
				ASSETCATALOG_COMPILER_APPICON_NAME = AppIcon;
				ASSETCATALOG_COMPILER_GLOBAL_ACCENT_COLOR_NAME = AccentColor;
				CODE_SIGN_STYLE = Automatic;
				CURRENT_PROJECT_VERSION = 1;
				DEVELOPMENT_ASSET_PATHS = "\"UI/Preview Content\"";
				DEVELOPMENT_TEAM = 8B4C4L65Q5;
				ENABLE_PREVIEWS = YES;
				GENERATE_INFOPLIST_FILE = YES;
				INFOPLIST_KEY_UIApplicationSceneManifest_Generation = YES;
				INFOPLIST_KEY_UIApplicationSupportsIndirectInputEvents = YES;
				INFOPLIST_KEY_UILaunchScreen_Generation = YES;
				INFOPLIST_KEY_UISupportedInterfaceOrientations_iPad = "UIInterfaceOrientationPortrait UIInterfaceOrientationPortraitUpsideDown UIInterfaceOrientationLandscapeLeft UIInterfaceOrientationLandscapeRight";
				INFOPLIST_KEY_UISupportedInterfaceOrientations_iPhone = "UIInterfaceOrientationPortrait UIInterfaceOrientationLandscapeLeft UIInterfaceOrientationLandscapeRight";
				LD_RUNPATH_SEARCH_PATHS = (
					"$(inherited)",
					"@executable_path/Frameworks",
				);
				MARKETING_VERSION = 1.0;
				PRODUCT_BUNDLE_IDENTIFIER = com.konwyourself.com.UI;
				PRODUCT_NAME = "$(TARGET_NAME)";
				SWIFT_EMIT_LOC_STRINGS = YES;
				SWIFT_VERSION = 5.0;
				TARGETED_DEVICE_FAMILY = "1,2";
			};
			name = Release;
		};
/* End XCBuildConfiguration section */

/* Begin XCConfigurationList section */
		665105DA2BBE488200A848D2 /* Build configuration list for PBXProject "UI" */ = {
			isa = XCConfigurationList;
			buildConfigurations = (
				665105EB2BBE488600A848D2 /* Debug */,
				665105EC2BBE488600A848D2 /* Release */,
			);
			defaultConfigurationIsVisible = 0;
			defaultConfigurationName = Release;
		};
		665105ED2BBE488600A848D2 /* Build configuration list for PBXNativeTarget "UI" */ = {
			isa = XCConfigurationList;
			buildConfigurations = (
				665105EE2BBE488600A848D2 /* Debug */,
				665105EF2BBE488600A848D2 /* Release */,
			);
			defaultConfigurationIsVisible = 0;
			defaultConfigurationName = Release;
		};
/* End XCConfigurationList section */
	};
	rootObject = 665105D72BBE488200A848D2 /* Project object */;
}
